// !$*UTF8*$!
{
	archiveVersion = 1;
	classes = {
	};
	objectVersion = 77;
	objects = {

/* Begin PBXContainerItemProxy section */
		BF811DDA2F83472B00F9FA64 /* PBXContainerItemProxy */ = {
			isa = PBXContainerItemProxy;
			containerPortal = BF811DC42F83472A00F9FA64 /* Project object */;
			proxyType = 1;
			remoteGlobalIDString = BF811DCB2F83472A00F9FA64;
			remoteInfo = MyMouseMyControl;
		};
		BF811DE42F83472B00F9FA64 /* PBXContainerItemProxy */ = {
			isa = PBXContainerItemProxy;
			containerPortal = BF811DC42F83472A00F9FA64 /* Project object */;
			proxyType = 1;
			remoteGlobalIDString = BF811DCB2F83472A00F9FA64;
			remoteInfo = MyMouseMyControl;
		};
/* End PBXContainerItemProxy section */

/* Begin PBXFileReference section */
		BF811DCC2F83472A00F9FA64 /* MyMouseMyControl.app */ = {isa = PBXFileReference; explicitFileType = wrapper.application; includeInIndex = 0; path = MyMouseMyControl.app; sourceTree = BUILT_PRODUCTS_DIR; };
		BF811DD92F83472B00F9FA64 /* MyMouseMyControlTests.xctest */ = {isa = PBXFileReference; explicitFileType = wrapper.cfbundle; includeInIndex = 0; path = MyMouseMyControlTests.xctest; sourceTree = BUILT_PRODUCTS_DIR; };
		BF811DE32F83472B00F9FA64 /* MyMouseMyControlUITests.xctest */ = {isa = PBXFileReference; explicitFileType = wrapper.cfbundle; includeInIndex = 0; path = MyMouseMyControlUITests.xctest; sourceTree = BUILT_PRODUCTS_DIR; };
/* End PBXFileReference section */

/* Begin PBXFileSystemSynchronizedRootGroup section */
		BF811DCE2F83472A00F9FA64 /* MyMouseMyControl */ = {
			isa = PBXFileSystemSynchronizedRootGroup;
			path = MyMouseMyControl;
			sourceTree = "<group>";
		};
		BF811DDC2F83472B00F9FA64 /* MyMouseMyControlTests */ = {
			isa = PBXFileSystemSynchronizedRootGroup;
			path = MyMouseMyControlTests;
			sourceTree = "<group>";
		};
		BF811DE62F83472B00F9FA64 /* MyMouseMyControlUITests */ = {
			isa = PBXFileSystemSynchronizedRootGroup;
			path = MyMouseMyControlUITests;
			sourceTree = "<group>";
		};
/* End PBXFileSystemSynchronizedRootGroup section */

/* Begin PBXFrameworksBuildPhase section */
		BF811DC92F83472A00F9FA64 /* Frameworks */ = {
			isa = PBXFrameworksBuildPhase;
			buildActionMask = 2147483647;
			files = (
			);
			runOnlyForDeploymentPostprocessing = 0;
		};
		BF811DD62F83472B00F9FA64 /* Frameworks */ = {
			isa = PBXFrameworksBuildPhase;
			buildActionMask = 2147483647;
			files = (
			);
			runOnlyForDeploymentPostprocessing = 0;
		};
		BF811DE02F83472B00F9FA64 /* Frameworks */ = {
			isa = PBXFrameworksBuildPhase;
			buildActionMask = 2147483647;
			files = (
			);
			runOnlyForDeploymentPostprocessing = 0;
		};
/* End PBXFrameworksBuildPhase section */

/* Begin PBXGroup section */
		BF811DC32F83472A00F9FA64 = {
			isa = PBXGroup;
			children = (
				BF811DCE2F83472A00F9FA64 /* MyMouseMyControl */,
				BF811DDC2F83472B00F9FA64 /* MyMouseMyControlTests */,
				BF811DE62F83472B00F9FA64 /* MyMouseMyControlUITests */,
				BF811DCD2F83472A00F9FA64 /* Products */,
			);
			sourceTree = "<group>";
		};
		BF811DCD2F83472A00F9FA64 /* Products */ = {
			isa = PBXGroup;
			children = (
				BF811DCC2F83472A00F9FA64 /* MyMouseMyControl.app */,
				BF811DD92F83472B00F9FA64 /* MyMouseMyControlTests.xctest */,
				BF811DE32F83472B00F9FA64 /* MyMouseMyControlUITests.xctest */,
			);
			name = Products;
			sourceTree = "<group>";
		};
/* End PBXGroup section */

/* Begin PBXNativeTarget section */
		BF811DCB2F83472A00F9FA64 /* MyMouseMyControl */ = {
			isa = PBXNativeTarget;
			buildConfigurationList = BF811DED2F83472B00F9FA64 /* Build configuration list for PBXNativeTarget "MyMouseMyControl" */;
			buildPhases = (
				BF811DC82F83472A00F9FA64 /* Sources */,
				BF811DC92F83472A00F9FA64 /* Frameworks */,
				BF811DCA2F83472A00F9FA64 /* Resources */,
			);
			buildRules = (
			);
			dependencies = (
			);
			fileSystemSynchronizedGroups = (
				BF811DCE2F83472A00F9FA64 /* MyMouseMyControl */,
			);
			name = MyMouseMyControl;
			packageProductDependencies = (
			);
			productName = MyMouseMyControl;
			productReference = BF811DCC2F83472A00F9FA64 /* MyMouseMyControl.app */;
			productType = "com.apple.product-type.application";
		};
		BF811DD82F83472B00F9FA64 /* MyMouseMyControlTests */ = {
			isa = PBXNativeTarget;
			buildConfigurationList = BF811DF02F83472B00F9FA64 /* Build configuration list for PBXNativeTarget "MyMouseMyControlTests" */;
			buildPhases = (
				BF811DD52F83472B00F9FA64 /* Sources */,
				BF811DD62F83472B00F9FA64 /* Frameworks */,
				BF811DD72F83472B00F9FA64 /* Resources */,
			);
			buildRules = (
			);
			dependencies = (
				BF811DDB2F83472B00F9FA64 /* PBXTargetDependency */,
			);
			fileSystemSynchronizedGroups = (
				BF811DDC2F83472B00F9FA64 /* MyMouseMyControlTests */,
			);
			name = MyMouseMyControlTests;
			packageProductDependencies = (
			);
			productName = MyMouseMyControlTests;
			productReference = BF811DD92F83472B00F9FA64 /* MyMouseMyControlTests.xctest */;
			productType = "com.apple.product-type.bundle.unit-test";
		};
		BF811DE22F83472B00F9FA64 /* MyMouseMyControlUITests */ = {
			isa = PBXNativeTarget;
			buildConfigurationList = BF811DF32F83472B00F9FA64 /* Build configuration list for PBXNativeTarget "MyMouseMyControlUITests" */;
			buildPhases = (
				BF811DDF2F83472B00F9FA64 /* Sources */,
				BF811DE02F83472B00F9FA64 /* Frameworks */,
				BF811DE12F83472B00F9FA64 /* Resources */,
			);
			buildRules = (
			);
			dependencies = (
				BF811DE52F83472B00F9FA64 /* PBXTargetDependency */,
			);
			fileSystemSynchronizedGroups = (
				BF811DE62F83472B00F9FA64 /* MyMouseMyControlUITests */,
			);
			name = MyMouseMyControlUITests;
			packageProductDependencies = (
			);
			productName = MyMouseMyControlUITests;
			productReference = BF811DE32F83472B00F9FA64 /* MyMouseMyControlUITests.xctest */;
			productType = "com.apple.product-type.bundle.ui-testing";
		};
/* End PBXNativeTarget section */

/* Begin PBXProject section */
		BF811DC42F83472A00F9FA64 /* Project object */ = {
			isa = PBXProject;
			attributes = {
				BuildIndependentTargetsInParallel = 1;
				LastSwiftUpdateCheck = 2630;
				LastUpgradeCheck = 2630;
				TargetAttributes = {
					BF811DCB2F83472A00F9FA64 = {
						CreatedOnToolsVersion = 26.3;
					};
					BF811DD82F83472B00F9FA64 = {
						CreatedOnToolsVersion = 26.3;
						TestTargetID = BF811DCB2F83472A00F9FA64;
					};
					BF811DE22F83472B00F9FA64 = {
						CreatedOnToolsVersion = 26.3;
						TestTargetID = BF811DCB2F83472A00F9FA64;
					};
				};
			};
			buildConfigurationList = BF811DC72F83472A00F9FA64 /* Build configuration list for PBXProject "MyMouseMyControl" */;
			developmentRegion = en;
			hasScannedForEncodings = 0;
			knownRegions = (
				en,
				Base,
			);
			mainGroup = BF811DC32F83472A00F9FA64;
			minimizedProjectReferenceProxies = 1;
			preferredProjectObjectVersion = 77;
			productRefGroup = BF811DCD2F83472A00F9FA64 /* Products */;
			projectDirPath = "";
			projectRoot = "";
			targets = (
				BF811DCB2F83472A00F9FA64 /* MyMouseMyControl */,
				BF811DD82F83472B00F9FA64 /* MyMouseMyControlTests */,
				BF811DE22F83472B00F9FA64 /* MyMouseMyControlUITests */,
			);
		};
/* End PBXProject section */

/* Begin PBXResourcesBuildPhase section */
		BF811DCA2F83472A00F9FA64 /* Resources */ = {
			isa = PBXResourcesBuildPhase;
			buildActionMask = 2147483647;
			files = (
			);
			runOnlyForDeploymentPostprocessing = 0;
		};
		BF811DD72F83472B00F9FA64 /* Resources */ = {
			isa = PBXResourcesBuildPhase;
			buildActionMask = 2147483647;
			files = (
			);
			runOnlyForDeploymentPostprocessing = 0;
		};
		BF811DE12F83472B00F9FA64 /* Resources */ = {
			isa = PBXResourcesBuildPhase;
			buildActionMask = 2147483647;
			files = (
			);
			runOnlyForDeploymentPostprocessing = 0;
		};
/* End PBXResourcesBuildPhase section */

/* Begin PBXSourcesBuildPhase section */
		BF811DC82F83472A00F9FA64 /* Sources */ = {
			isa = PBXSourcesBuildPhase;
			buildActionMask = 2147483647;
			files = (
			);
			runOnlyForDeploymentPostprocessing = 0;
		};
		BF811DD52F83472B00F9FA64 /* Sources */ = {
			isa = PBXSourcesBuildPhase;
			buildActionMask = 2147483647;
			files = (
			);
			runOnlyForDeploymentPostprocessing = 0;
		};
		BF811DDF2F83472B00F9FA64 /* Sources */ = {
			isa = PBXSourcesBuildPhase;
			buildActionMask = 2147483647;
			files = (
			);
			runOnlyForDeploymentPostprocessing = 0;
		};
/* End PBXSourcesBuildPhase section */

/* Begin PBXTargetDependency section */
		BF811DDB2F83472B00F9FA64 /* PBXTargetDependency */ = {
			isa = PBXTargetDependency;
			target = BF811DCB2F83472A00F9FA64 /* MyMouseMyControl */;
			targetProxy = BF811DDA2F83472B00F9FA64 /* PBXContainerItemProxy */;
		};
		BF811DE52F83472B00F9FA64 /* PBXTargetDependency */ = {
			isa = PBXTargetDependency;
			target = BF811DCB2F83472A00F9FA64 /* MyMouseMyControl */;
			targetProxy = BF811DE42F83472B00F9FA64 /* PBXContainerItemProxy */;
		};
/* End PBXTargetDependency section */

/* Begin XCBuildConfiguration section */
		BF811DEB2F83472B00F9FA64 /* Debug */ = {
			isa = XCBuildConfiguration;
			buildSettings = {
				ALWAYS_SEARCH_USER_PATHS = NO;
				ASSETCATALOG_COMPILER_GENERATE_SWIFT_ASSET_SYMBOL_EXTENSIONS = YES;
				CLANG_ANALYZER_NONNULL = YES;
				CLANG_ANALYZER_NUMBER_OBJECT_CONVERSION = YES_AGGRESSIVE;
				CLANG_CXX_LANGUAGE_STANDARD = "gnu++20";
				CLANG_ENABLE_MODULES = YES;
				CLANG_ENABLE_OBJC_ARC = YES;
				CLANG_ENABLE_OBJC_WEAK = YES;
				CLANG_WARN_BLOCK_CAPTURE_AUTORELEASING = YES;
				CLANG_WARN_BOOL_CONVERSION = YES;
				CLANG_WARN_COMMA = YES;
				CLANG_WARN_CONSTANT_CONVERSION = YES;
				CLANG_WARN_DEPRECATED_OBJC_IMPLEMENTATIONS = YES;
				CLANG_WARN_DIRECT_OBJC_ISA_USAGE = YES_ERROR;
				CLANG_WARN_DOCUMENTATION_COMMENTS = YES;
				CLANG_WARN_EMPTY_BODY = YES;
				CLANG_WARN_ENUM_CONVERSION = YES;
				CLANG_WARN_INFINITE_RECURSION = YES;
				CLANG_WARN_INT_CONVERSION = YES;
				CLANG_WARN_NON_LITERAL_NULL_CONVERSION = YES;
				CLANG_WARN_OBJC_IMPLICIT_RETAIN_SELF = YES;
				CLANG_WARN_OBJC_LITERAL_CONVERSION = YES;
				CLANG_WARN_OBJC_ROOT_CLASS = YES_ERROR;
				CLANG_WARN_QUOTED_INCLUDE_IN_FRAMEWORK_HEADER = YES;
				CLANG_WARN_RANGE_LOOP_ANALYSIS = YES;
				CLANG_WARN_STRICT_PROTOTYPES = YES;
				CLANG_WARN_SUSPICIOUS_MOVE = YES;
				CLANG_WARN_UNGUARDED_AVAILABILITY = YES_AGGRESSIVE;
				CLANG_WARN_UNREACHABLE_CODE = YES;
				CLANG_WARN__DUPLICATE_METHOD_MATCH = YES;
				COPY_PHASE_STRIP = NO;
				DEBUG_INFORMATION_FORMAT = dwarf;
				ENABLE_STRICT_OBJC_MSGSEND = YES;
				ENABLE_TESTABILITY = YES;
				ENABLE_USER_SCRIPT_SANDBOXING = YES;
				GCC_C_LANGUAGE_STANDARD = gnu17;
				GCC_DYNAMIC_NO_PIC = NO;
				GCC_NO_COMMON_BLOCKS = YES;
				GCC_OPTIMIZATION_LEVEL = 0;
				GCC_PREPROCESSOR_DEFINITIONS = (
					"DEBUG=1",
					"$(inherited)",
				);
				GCC_WARN_64_TO_32_BIT_CONVERSION = YES;
				GCC_WARN_ABOUT_RETURN_TYPE = YES_ERROR;
				GCC_WARN_UNDECLARED_SELECTOR = YES;
				GCC_WARN_UNINITIALIZED_AUTOS = YES_AGGRESSIVE;
				GCC_WARN_UNUSED_FUNCTION = YES;
				GCC_WARN_UNUSED_VARIABLE = YES;
				IPHONEOS_DEPLOYMENT_TARGET = 26.2;
				LOCALIZATION_PREFERS_STRING_CATALOGS = YES;
				MTL_ENABLE_DEBUG_INFO = INCLUDE_SOURCE;
				MTL_FAST_MATH = YES;
				ONLY_ACTIVE_ARCH = YES;
				SDKROOT = iphoneos;
				SWIFT_ACTIVE_COMPILATION_CONDITIONS = "DEBUG $(inherited)";
				SWIFT_OPTIMIZATION_LEVEL = "-Onone";
			};
			name = Debug;
		};
		BF811DEC2F83472B00F9FA64 /* Release */ = {
			isa = XCBuildConfiguration;
			buildSettings = {
				ALWAYS_SEARCH_USER_PATHS = NO;
				ASSETCATALOG_COMPILER_GENERATE_SWIFT_ASSET_SYMBOL_EXTENSIONS = YES;
				CLANG_ANALYZER_NONNULL = YES;
				CLANG_ANALYZER_NUMBER_OBJECT_CONVERSION = YES_AGGRESSIVE;
				CLANG_CXX_LANGUAGE_STANDARD = "gnu++20";
				CLANG_ENABLE_MODULES = YES;
				CLANG_ENABLE_OBJC_ARC = YES;
				CLANG_ENABLE_OBJC_WEAK = YES;
				CLANG_WARN_BLOCK_CAPTURE_AUTORELEASING = YES;
				CLANG_WARN_BOOL_CONVERSION = YES;
				CLANG_WARN_COMMA = YES;
				CLANG_WARN_CONSTANT_CONVERSION = YES;
				CLANG_WARN_DEPRECATED_OBJC_IMPLEMENTATIONS = YES;
				CLANG_WARN_DIRECT_OBJC_ISA_USAGE = YES_ERROR;
				CLANG_WARN_DOCUMENTATION_COMMENTS = YES;
				CLANG_WARN_EMPTY_BODY = YES;
				CLANG_WARN_ENUM_CONVERSION = YES;
				CLANG_WARN_INFINITE_RECURSION = YES;
				CLANG_WARN_INT_CONVERSION = YES;
				CLANG_WARN_NON_LITERAL_NULL_CONVERSION = YES;
				CLANG_WARN_OBJC_IMPLICIT_RETAIN_SELF = YES;
				CLANG_WARN_OBJC_LITERAL_CONVERSION = YES;
				CLANG_WARN_OBJC_ROOT_CLASS = YES_ERROR;
				CLANG_WARN_QUOTED_INCLUDE_IN_FRAMEWORK_HEADER = YES;
				CLANG_WARN_RANGE_LOOP_ANALYSIS = YES;
				CLANG_WARN_STRICT_PROTOTYPES = YES;
				CLANG_WARN_SUSPICIOUS_MOVE = YES;
				CLANG_WARN_UNGUARDED_AVAILABILITY = YES_AGGRESSIVE;
				CLANG_WARN_UNREACHABLE_CODE = YES;
				CLANG_WARN__DUPLICATE_METHOD_MATCH = YES;
				COPY_PHASE_STRIP = NO;
				DEBUG_INFORMATION_FORMAT = "dwarf-with-dsym";
				ENABLE_NS_ASSERTIONS = NO;
				ENABLE_STRICT_OBJC_MSGSEND = YES;
				ENABLE_USER_SCRIPT_SANDBOXING = YES;
				GCC_C_LANGUAGE_STANDARD = gnu17;
				GCC_NO_COMMON_BLOCKS = YES;
				GCC_WARN_64_TO_32_BIT_CONVERSION = YES;
				GCC_WARN_ABOUT_RETURN_TYPE = YES_ERROR;
				GCC_WARN_UNDECLARED_SELECTOR = YES;
				GCC_WARN_UNINITIALIZED_AUTOS = YES_AGGRESSIVE;
				GCC_WARN_UNUSED_FUNCTION = YES;
				GCC_WARN_UNUSED_VARIABLE = YES;
				IPHONEOS_DEPLOYMENT_TARGET = 26.2;
				LOCALIZATION_PREFERS_STRING_CATALOGS = YES;
				MTL_ENABLE_DEBUG_INFO = NO;
				MTL_FAST_MATH = YES;
				SDKROOT = iphoneos;
				SWIFT_COMPILATION_MODE = wholemodule;
				VALIDATE_PRODUCT = YES;
			};
			name = Release;
		};
		BF811DEE2F83472B00F9FA64 /* Debug */ = {
			isa = XCBuildConfiguration;
			buildSettings = {
				ASSETCATALOG_COMPILER_APPICON_NAME = AppIcon;
				ASSETCATALOG_COMPILER_GLOBAL_ACCENT_COLOR_NAME = AccentColor;
				CODE_SIGN_STYLE = Automatic;
				CURRENT_PROJECT_VERSION = 1;
				ENABLE_PREVIEWS = YES;
				GENERATE_INFOPLIST_FILE = YES;
				INFOPLIST_KEY_UIApplicationSceneManifest_Generation = YES;
				INFOPLIST_KEY_UIApplicationSupportsIndirectInputEvents = YES;
				INFOPLIST_KEY_UILaunchScreen_Generation = YES;
				INFOPLIST_KEY_UISupportedInterfaceOrientations_iPad = "UIInterfaceOrientationPortrait UIInterfaceOrientationPortraitUpsideDown UIInterfaceOrientationLandscapeLeft UIInterfaceOrientationLandscapeRight";
				INFOPLIST_KEY_UISupportedInterfaceOrientations_iPhone = "UIInterfaceOrientationPortrait UIInterfaceOrientationLandscapeLeft UIInterfaceOrientationLandscapeRight";
				LD_RUNPATH_SEARCH_PATHS = (
					"$(inherited)",
					"@executable_path/Frameworks",
				);
				MARKETING_VERSION = 1.0;
				PRODUCT_BUNDLE_IDENTIFIER = "Wuhan-Yunqian-Technology-Co.--Ltd..MyMouseMyControl";
				PRODUCT_NAME = "$(TARGET_NAME)";
				STRING_CATALOG_GENERATE_SYMBOLS = YES;
				SWIFT_APPROACHABLE_CONCURRENCY = YES;
				SWIFT_DEFAULT_ACTOR_ISOLATION = MainActor;
				SWIFT_EMIT_LOC_STRINGS = YES;
				SWIFT_UPCOMING_FEATURE_MEMBER_IMPORT_VISIBILITY = YES;
				SWIFT_VERSION = 5.0;
				TARGETED_DEVICE_FAMILY = "1,2";
			};
			name = Debug;
		};
		BF811DEF2F83472B00F9FA64 /* Release */ = {
			isa = XCBuildConfiguration;
			buildSettings = {
				ASSETCATALOG_COMPILER_APPICON_NAME = AppIcon;
				ASSETCATALOG_COMPILER_GLOBAL_ACCENT_COLOR_NAME = AccentColor;
				CODE_SIGN_STYLE = Automatic;
				CURRENT_PROJECT_VERSION = 1;
				ENABLE_PREVIEWS = YES;
				GENERATE_INFOPLIST_FILE = YES;
				INFOPLIST_KEY_UIApplicationSceneManifest_Generation = YES;
				INFOPLIST_KEY_UIApplicationSupportsIndirectInputEvents = YES;
				INFOPLIST_KEY_UILaunchScreen_Generation = YES;
				INFOPLIST_KEY_UISupportedInterfaceOrientations_iPad = "UIInterfaceOrientationPortrait UIInterfaceOrientationPortraitUpsideDown UIInterfaceOrientationLandscapeLeft UIInterfaceOrientationLandscapeRight";
				INFOPLIST_KEY_UISupportedInterfaceOrientations_iPhone = "UIInterfaceOrientationPortrait UIInterfaceOrientationLandscapeLeft UIInterfaceOrientationLandscapeRight";
				LD_RUNPATH_SEARCH_PATHS = (
					"$(inherited)",
					"@executable_path/Frameworks",
				);
				MARKETING_VERSION = 1.0;
				PRODUCT_BUNDLE_IDENTIFIER = "Wuhan-Yunqian-Technology-Co.--Ltd..MyMouseMyControl";
				PRODUCT_NAME = "$(TARGET_NAME)";
				STRING_CATALOG_GENERATE_SYMBOLS = YES;
				SWIFT_APPROACHABLE_CONCURRENCY = YES;
				SWIFT_DEFAULT_ACTOR_ISOLATION = MainActor;
				SWIFT_EMIT_LOC_STRINGS = YES;
				SWIFT_UPCOMING_FEATURE_MEMBER_IMPORT_VISIBILITY = YES;
				SWIFT_VERSION = 5.0;
				TARGETED_DEVICE_FAMILY = "1,2";
			};
			name = Release;
		};
		BF811DF12F83472B00F9FA64 /* Debug */ = {
			isa = XCBuildConfiguration;
			buildSettings = {
				BUNDLE_LOADER = "$(TEST_HOST)";
				CODE_SIGN_STYLE = Automatic;
				CURRENT_PROJECT_VERSION = 1;
				GENERATE_INFOPLIST_FILE = YES;
				IPHONEOS_DEPLOYMENT_TARGET = 26.2;
				MARKETING_VERSION = 1.0;
				PRODUCT_BUNDLE_IDENTIFIER = "Wuhan-Yunqian-Technology-Co.--Ltd..MyMouseMyControlTests";
				PRODUCT_NAME = "$(TARGET_NAME)";
				STRING_CATALOG_GENERATE_SYMBOLS = NO;
				SWIFT_APPROACHABLE_CONCURRENCY = YES;
				SWIFT_EMIT_LOC_STRINGS = NO;
				SWIFT_UPCOMING_FEATURE_MEMBER_IMPORT_VISIBILITY = YES;
				SWIFT_VERSION = 5.0;
				TARGETED_DEVICE_FAMILY = "1,2";
				TEST_HOST = "$(BUILT_PRODUCTS_DIR)/MyMouseMyControl.app/$(BUNDLE_EXECUTABLE_FOLDER_PATH)/MyMouseMyControl";
			};
			name = Debug;
		};
		BF811DF22F83472B00F9FA64 /* Release */ = {
			isa = XCBuildConfiguration;
			buildSettings = {
				BUNDLE_LOADER = "$(TEST_HOST)";
				CODE_SIGN_STYLE = Automatic;
				CURRENT_PROJECT_VERSION = 1;
				GENERATE_INFOPLIST_FILE = YES;
				IPHONEOS_DEPLOYMENT_TARGET = 26.2;
				MARKETING_VERSION = 1.0;
				PRODUCT_BUNDLE_IDENTIFIER = "Wuhan-Yunqian-Technology-Co.--Ltd..MyMouseMyControlTests";
				PRODUCT_NAME = "$(TARGET_NAME)";
				STRING_CATALOG_GENERATE_SYMBOLS = NO;
				SWIFT_APPROACHABLE_CONCURRENCY = YES;
				SWIFT_EMIT_LOC_STRINGS = NO;
				SWIFT_UPCOMING_FEATURE_MEMBER_IMPORT_VISIBILITY = YES;
				SWIFT_VERSION = 5.0;
				TARGETED_DEVICE_FAMILY = "1,2";
				TEST_HOST = "$(BUILT_PRODUCTS_DIR)/MyMouseMyControl.app/$(BUNDLE_EXECUTABLE_FOLDER_PATH)/MyMouseMyControl";
			};
			name = Release;
		};
		BF811DF42F83472B00F9FA64 /* Debug */ = {
			isa = XCBuildConfiguration;
			buildSettings = {
				CODE_SIGN_STYLE = Automatic;
				CURRENT_PROJECT_VERSION = 1;
				GENERATE_INFOPLIST_FILE = YES;
				MARKETING_VERSION = 1.0;
				PRODUCT_BUNDLE_IDENTIFIER = "Wuhan-Yunqian-Technology-Co.--Ltd..MyMouseMyControlUITests";
				PRODUCT_NAME = "$(TARGET_NAME)";
				STRING_CATALOG_GENERATE_SYMBOLS = NO;
				SWIFT_APPROACHABLE_CONCURRENCY = YES;
				SWIFT_EMIT_LOC_STRINGS = NO;
				SWIFT_UPCOMING_FEATURE_MEMBER_IMPORT_VISIBILITY = YES;
				SWIFT_VERSION = 5.0;
				TARGETED_DEVICE_FAMILY = "1,2";
				TEST_TARGET_NAME = MyMouseMyControl;
			};
			name = Debug;
		};
		BF811DF52F83472B00F9FA64 /* Release */ = {
			isa = XCBuildConfiguration;
			buildSettings = {
				CODE_SIGN_STYLE = Automatic;
				CURRENT_PROJECT_VERSION = 1;
				GENERATE_INFOPLIST_FILE = YES;
				MARKETING_VERSION = 1.0;
				PRODUCT_BUNDLE_IDENTIFIER = "Wuhan-Yunqian-Technology-Co.--Ltd..MyMouseMyControlUITests";
				PRODUCT_NAME = "$(TARGET_NAME)";
				STRING_CATALOG_GENERATE_SYMBOLS = NO;
				SWIFT_APPROACHABLE_CONCURRENCY = YES;
				SWIFT_EMIT_LOC_STRINGS = NO;
				SWIFT_UPCOMING_FEATURE_MEMBER_IMPORT_VISIBILITY = YES;
				SWIFT_VERSION = 5.0;
				TARGETED_DEVICE_FAMILY = "1,2";
				TEST_TARGET_NAME = MyMouseMyControl;
			};
			name = Release;
		};
/* End XCBuildConfiguration section */

/* Begin XCConfigurationList section */
		BF811DC72F83472A00F9FA64 /* Build configuration list for PBXProject "MyMouseMyControl" */ = {
			isa = XCConfigurationList;
			buildConfigurations = (
				BF811DEB2F83472B00F9FA64 /* Debug */,
				BF811DEC2F83472B00F9FA64 /* Release */,
			);
			defaultConfigurationIsVisible = 0;
			defaultConfigurationName = Release;
		};
		BF811DED2F83472B00F9FA64 /* Build configuration list for PBXNativeTarget "MyMouseMyControl" */ = {
			isa = XCConfigurationList;
			buildConfigurations = (
				BF811DEE2F83472B00F9FA64 /* Debug */,
				BF811DEF2F83472B00F9FA64 /* Release */,
			);
			defaultConfigurationIsVisible = 0;
			defaultConfigurationName = Release;
		};
		BF811DF02F83472B00F9FA64 /* Build configuration list for PBXNativeTarget "MyMouseMyControlTests" */ = {
			isa = XCConfigurationList;
			buildConfigurations = (
				BF811DF12F83472B00F9FA64 /* Debug */,
				BF811DF22F83472B00F9FA64 /* Release */,
			);
			defaultConfigurationIsVisible = 0;
			defaultConfigurationName = Release;
		};
		BF811DF32F83472B00F9FA64 /* Build configuration list for PBXNativeTarget "MyMouseMyControlUITests" */ = {
			isa = XCConfigurationList;
			buildConfigurations = (
				BF811DF42F83472B00F9FA64 /* Debug */,
				BF811DF52F83472B00F9FA64 /* Release */,
			);
			defaultConfigurationIsVisible = 0;
			defaultConfigurationName = Release;
		};
/* End XCConfigurationList section */
	};
	rootObject = BF811DC42F83472A00F9FA64 /* Project object */;
}
